// !$*UTF8*$!
{
	archiveVersion = 1;
	classes = {
	};
	objectVersion = 46;
	objects = {

/* Begin PBXBuildFile section */
		FA4BA4401A1DBF9A00555223 /* GithubClient.swift in Sources */ = {isa = PBXBuildFile; fileRef = FA4BA43F1A1DBF9A00555223 /* GithubClient.swift */; };
		FA4BA4411A1DBF9C00555223 /* GithubClient.swift in Sources */ = {isa = PBXBuildFile; fileRef = FA4BA43F1A1DBF9A00555223 /* GithubClient.swift */; };
		FA4BA4431A1DC68B00555223 /* SwiftyJSON.swift in Sources */ = {isa = PBXBuildFile; fileRef = FA4BA4421A1DC68B00555223 /* SwiftyJSON.swift */; };
		FA4BA4441A1DCA2800555223 /* SwiftyJSON.swift in Sources */ = {isa = PBXBuildFile; fileRef = FA4BA4421A1DC68B00555223 /* SwiftyJSON.swift */; };
		FA4BA4451A1DCA2900555223 /* SwiftyJSON.swift in Sources */ = {isa = PBXBuildFile; fileRef = FA4BA4421A1DC68B00555223 /* SwiftyJSON.swift */; };
		FA4BA4471A1DCC3A00555223 /* MediaClient.swift in Sources */ = {isa = PBXBuildFile; fileRef = FA4BA4461A1DCC3A00555223 /* MediaClient.swift */; };
		FA4BA4481A1DCC3A00555223 /* MediaClient.swift in Sources */ = {isa = PBXBuildFile; fileRef = FA4BA4461A1DCC3A00555223 /* MediaClient.swift */; };
		FA4BA4491A1DCC3A00555223 /* MediaClient.swift in Sources */ = {isa = PBXBuildFile; fileRef = FA4BA4461A1DCC3A00555223 /* MediaClient.swift */; };
		FA4BA44B1A1DCE5500555223 /* Promise.swift in Sources */ = {isa = PBXBuildFile; fileRef = FA4BA44A1A1DCE5500555223 /* Promise.swift */; };
		FA4BA44C1A1DCE5500555223 /* Promise.swift in Sources */ = {isa = PBXBuildFile; fileRef = FA4BA44A1A1DCE5500555223 /* Promise.swift */; };
		FA4BA44D1A1DCE5500555223 /* Promise.swift in Sources */ = {isa = PBXBuildFile; fileRef = FA4BA44A1A1DCE5500555223 /* Promise.swift */; };
		FA4EC8A61A316FA900C66A16 /* heart2-0@2x.png in Resources */ = {isa = PBXBuildFile; fileRef = FA4EC8701A316FA900C66A16 /* heart2-0@2x.png */; };
		FA4EC8A71A316FA900C66A16 /* heart2-10@2x.png in Resources */ = {isa = PBXBuildFile; fileRef = FA4EC8711A316FA900C66A16 /* heart2-10@2x.png */; };
		FA4EC8A81A316FA900C66A16 /* heart2-11@2x.png in Resources */ = {isa = PBXBuildFile; fileRef = FA4EC8721A316FA900C66A16 /* heart2-11@2x.png */; };
		FA4EC8A91A316FA900C66A16 /* heart2-12@2x.png in Resources */ = {isa = PBXBuildFile; fileRef = FA4EC8731A316FA900C66A16 /* heart2-12@2x.png */; };
		FA4EC8AA1A316FA900C66A16 /* heart2-13@2x.png in Resources */ = {isa = PBXBuildFile; fileRef = FA4EC8741A316FA900C66A16 /* heart2-13@2x.png */; };
		FA4EC8AB1A316FA900C66A16 /* heart2-14@2x.png in Resources */ = {isa = PBXBuildFile; fileRef = FA4EC8751A316FA900C66A16 /* heart2-14@2x.png */; };
		FA4EC8AC1A316FA900C66A16 /* heart2-15@2x.png in Resources */ = {isa = PBXBuildFile; fileRef = FA4EC8761A316FA900C66A16 /* heart2-15@2x.png */; };
		FA4EC8AD1A316FA900C66A16 /* heart2-16@2x.png in Resources */ = {isa = PBXBuildFile; fileRef = FA4EC8771A316FA900C66A16 /* heart2-16@2x.png */; };
		FA4EC8AE1A316FA900C66A16 /* heart2-17@2x.png in Resources */ = {isa = PBXBuildFile; fileRef = FA4EC8781A316FA900C66A16 /* heart2-17@2x.png */; };
		FA4EC8AF1A316FA900C66A16 /* heart2-18@2x.png in Resources */ = {isa = PBXBuildFile; fileRef = FA4EC8791A316FA900C66A16 /* heart2-18@2x.png */; };
		FA4EC8B01A316FA900C66A16 /* heart2-19@2x.png in Resources */ = {isa = PBXBuildFile; fileRef = FA4EC87A1A316FA900C66A16 /* heart2-19@2x.png */; };
		FA4EC8B11A316FA900C66A16 /* heart2-1@2x.png in Resources */ = {isa = PBXBuildFile; fileRef = FA4EC87B1A316FA900C66A16 /* heart2-1@2x.png */; };
		FA4EC8B21A316FA900C66A16 /* heart2-20@2x.png in Resources */ = {isa = PBXBuildFile; fileRef = FA4EC87C1A316FA900C66A16 /* heart2-20@2x.png */; };
		FA4EC8B31A316FA900C66A16 /* heart2-21@2x.png in Resources */ = {isa = PBXBuildFile; fileRef = FA4EC87D1A316FA900C66A16 /* heart2-21@2x.png */; };
		FA4EC8B41A316FA900C66A16 /* heart2-22@2x.png in Resources */ = {isa = PBXBuildFile; fileRef = FA4EC87E1A316FA900C66A16 /* heart2-22@2x.png */; };
		FA4EC8B51A316FA900C66A16 /* heart2-23@2x.png in Resources */ = {isa = PBXBuildFile; fileRef = FA4EC87F1A316FA900C66A16 /* heart2-23@2x.png */; };
		FA4EC8B61A316FA900C66A16 /* heart2-24@2x.png in Resources */ = {isa = PBXBuildFile; fileRef = FA4EC8801A316FA900C66A16 /* heart2-24@2x.png */; };
		FA4EC8B71A316FA900C66A16 /* heart2-25@2x.png in Resources */ = {isa = PBXBuildFile; fileRef = FA4EC8811A316FA900C66A16 /* heart2-25@2x.png */; };
		FA4EC8B81A316FA900C66A16 /* heart2-26@2x.png in Resources */ = {isa = PBXBuildFile; fileRef = FA4EC8821A316FA900C66A16 /* heart2-26@2x.png */; };
		FA4EC8B91A316FA900C66A16 /* heart2-27@2x.png in Resources */ = {isa = PBXBuildFile; fileRef = FA4EC8831A316FA900C66A16 /* heart2-27@2x.png */; };
		FA4EC8BA1A316FA900C66A16 /* heart2-28@2x.png in Resources */ = {isa = PBXBuildFile; fileRef = FA4EC8841A316FA900C66A16 /* heart2-28@2x.png */; };
		FA4EC8BB1A316FA900C66A16 /* heart2-29@2x.png in Resources */ = {isa = PBXBuildFile; fileRef = FA4EC8851A316FA900C66A16 /* heart2-29@2x.png */; };
		FA4EC8BC1A316FA900C66A16 /* heart2-2@2x.png in Resources */ = {isa = PBXBuildFile; fileRef = FA4EC8861A316FA900C66A16 /* heart2-2@2x.png */; };
		FA4EC8BD1A316FA900C66A16 /* heart2-30@2x.png in Resources */ = {isa = PBXBuildFile; fileRef = FA4EC8871A316FA900C66A16 /* heart2-30@2x.png */; };
		FA4EC8BE1A316FA900C66A16 /* heart2-31@2x.png in Resources */ = {isa = PBXBuildFile; fileRef = FA4EC8881A316FA900C66A16 /* heart2-31@2x.png */; };
		FA4EC8BF1A316FA900C66A16 /* heart2-32@2x.png in Resources */ = {isa = PBXBuildFile; fileRef = FA4EC8891A316FA900C66A16 /* heart2-32@2x.png */; };
		FA4EC8C01A316FA900C66A16 /* heart2-33@2x.png in Resources */ = {isa = PBXBuildFile; fileRef = FA4EC88A1A316FA900C66A16 /* heart2-33@2x.png */; };
		FA4EC8C11A316FA900C66A16 /* heart2-34@2x.png in Resources */ = {isa = PBXBuildFile; fileRef = FA4EC88B1A316FA900C66A16 /* heart2-34@2x.png */; };
		FA4EC8C21A316FA900C66A16 /* heart2-35@2x.png in Resources */ = {isa = PBXBuildFile; fileRef = FA4EC88C1A316FA900C66A16 /* heart2-35@2x.png */; };
		FA4EC8C31A316FA900C66A16 /* heart2-36@2x.png in Resources */ = {isa = PBXBuildFile; fileRef = FA4EC88D1A316FA900C66A16 /* heart2-36@2x.png */; };
		FA4EC8C41A316FA900C66A16 /* heart2-37@2x.png in Resources */ = {isa = PBXBuildFile; fileRef = FA4EC88E1A316FA900C66A16 /* heart2-37@2x.png */; };
		FA4EC8C51A316FA900C66A16 /* heart2-38@2x.png in Resources */ = {isa = PBXBuildFile; fileRef = FA4EC88F1A316FA900C66A16 /* heart2-38@2x.png */; };
		FA4EC8C61A316FA900C66A16 /* heart2-39@2x.png in Resources */ = {isa = PBXBuildFile; fileRef = FA4EC8901A316FA900C66A16 /* heart2-39@2x.png */; };
		FA4EC8C71A316FA900C66A16 /* heart2-3@2x.png in Resources */ = {isa = PBXBuildFile; fileRef = FA4EC8911A316FA900C66A16 /* heart2-3@2x.png */; };
		FA4EC8C81A316FA900C66A16 /* heart2-40@2x.png in Resources */ = {isa = PBXBuildFile; fileRef = FA4EC8921A316FA900C66A16 /* heart2-40@2x.png */; };
		FA4EC8C91A316FA900C66A16 /* heart2-41@2x.png in Resources */ = {isa = PBXBuildFile; fileRef = FA4EC8931A316FA900C66A16 /* heart2-41@2x.png */; };
		FA4EC8CA1A316FA900C66A16 /* heart2-42@2x.png in Resources */ = {isa = PBXBuildFile; fileRef = FA4EC8941A316FA900C66A16 /* heart2-42@2x.png */; };
		FA4EC8CB1A316FA900C66A16 /* heart2-43@2x.png in Resources */ = {isa = PBXBuildFile; fileRef = FA4EC8951A316FA900C66A16 /* heart2-43@2x.png */; };
		FA4EC8CC1A316FA900C66A16 /* heart2-44@2x.png in Resources */ = {isa = PBXBuildFile; fileRef = FA4EC8961A316FA900C66A16 /* heart2-44@2x.png */; };
		FA4EC8CD1A316FA900C66A16 /* heart2-45@2x.png in Resources */ = {isa = PBXBuildFile; fileRef = FA4EC8971A316FA900C66A16 /* heart2-45@2x.png */; };
		FA4EC8CE1A316FA900C66A16 /* heart2-46@2x.png in Resources */ = {isa = PBXBuildFile; fileRef = FA4EC8981A316FA900C66A16 /* heart2-46@2x.png */; };
		FA4EC8CF1A316FA900C66A16 /* heart2-47@2x.png in Resources */ = {isa = PBXBuildFile; fileRef = FA4EC8991A316FA900C66A16 /* heart2-47@2x.png */; };
		FA4EC8D01A316FA900C66A16 /* heart2-48@2x.png in Resources */ = {isa = PBXBuildFile; fileRef = FA4EC89A1A316FA900C66A16 /* heart2-48@2x.png */; };
		FA4EC8D11A316FA900C66A16 /* heart2-49@2x.png in Resources */ = {isa = PBXBuildFile; fileRef = FA4EC89B1A316FA900C66A16 /* heart2-49@2x.png */; };
		FA4EC8D21A316FA900C66A16 /* heart2-4@2x.png in Resources */ = {isa = PBXBuildFile; fileRef = FA4EC89C1A316FA900C66A16 /* heart2-4@2x.png */; };
		FA4EC8D31A316FA900C66A16 /* heart2-50@2x.png in Resources */ = {isa = PBXBuildFile; fileRef = FA4EC89D1A316FA900C66A16 /* heart2-50@2x.png */; };
		FA4EC8D41A316FA900C66A16 /* heart2-51@2x.png in Resources */ = {isa = PBXBuildFile; fileRef = FA4EC89E1A316FA900C66A16 /* heart2-51@2x.png */; };
		FA4EC8D51A316FA900C66A16 /* heart2-52@2x.png in Resources */ = {isa = PBXBuildFile; fileRef = FA4EC89F1A316FA900C66A16 /* heart2-52@2x.png */; };
		FA4EC8D61A316FA900C66A16 /* heart2-53@2x.png in Resources */ = {isa = PBXBuildFile; fileRef = FA4EC8A01A316FA900C66A16 /* heart2-53@2x.png */; };
		FA4EC8D71A316FA900C66A16 /* heart2-5@2x.png in Resources */ = {isa = PBXBuildFile; fileRef = FA4EC8A11A316FA900C66A16 /* heart2-5@2x.png */; };
		FA4EC8D81A316FA900C66A16 /* heart2-6@2x.png in Resources */ = {isa = PBXBuildFile; fileRef = FA4EC8A21A316FA900C66A16 /* heart2-6@2x.png */; };
		FA4EC8D91A316FA900C66A16 /* heart2-7@2x.png in Resources */ = {isa = PBXBuildFile; fileRef = FA4EC8A31A316FA900C66A16 /* heart2-7@2x.png */; };
		FA4EC8DA1A316FA900C66A16 /* heart2-8@2x.png in Resources */ = {isa = PBXBuildFile; fileRef = FA4EC8A41A316FA900C66A16 /* heart2-8@2x.png */; };
		FA4EC8DB1A316FA900C66A16 /* heart2-9@2x.png in Resources */ = {isa = PBXBuildFile; fileRef = FA4EC8A51A316FA900C66A16 /* heart2-9@2x.png */; };
		FA63198C1A1BD61F00E0E18C /* AppDelegate.swift in Sources */ = {isa = PBXBuildFile; fileRef = FA63198B1A1BD61F00E0E18C /* AppDelegate.swift */; };
		FA63198F1A1BD61F00E0E18C /* Foo.xcdatamodeld in Sources */ = {isa = PBXBuildFile; fileRef = FA63198D1A1BD61F00E0E18C /* Foo.xcdatamodeld */; };
		FA6319911A1BD61F00E0E18C /* ViewController.swift in Sources */ = {isa = PBXBuildFile; fileRef = FA6319901A1BD61F00E0E18C /* ViewController.swift */; };
		FA6319941A1BD61F00E0E18C /* Main.storyboard in Resources */ = {isa = PBXBuildFile; fileRef = FA6319921A1BD61F00E0E18C /* Main.storyboard */; };
		FA6319961A1BD61F00E0E18C /* Images.xcassets in Resources */ = {isa = PBXBuildFile; fileRef = FA6319951A1BD61F00E0E18C /* Images.xcassets */; };
		FA6319991A1BD61F00E0E18C /* LaunchScreen.xib in Resources */ = {isa = PBXBuildFile; fileRef = FA6319971A1BD61F00E0E18C /* LaunchScreen.xib */; };
		FA6319A51A1BD62000E0E18C /* FooTests.swift in Sources */ = {isa = PBXBuildFile; fileRef = FA6319A41A1BD62000E0E18C /* FooTests.swift */; };
		FA6319B51A1BD62C00E0E18C /* WatchKit.framework in Frameworks */ = {isa = PBXBuildFile; fileRef = FA6319B41A1BD62C00E0E18C /* WatchKit.framework */; };
		FA6319BB1A1BD62C00E0E18C /* InterfaceController.swift in Sources */ = {isa = PBXBuildFile; fileRef = FA6319BA1A1BD62C00E0E18C /* InterfaceController.swift */; };
		FA6319BD1A1BD62C00E0E18C /* NotificationController.swift in Sources */ = {isa = PBXBuildFile; fileRef = FA6319BC1A1BD62C00E0E18C /* NotificationController.swift */; };
		FA6319BF1A1BD62C00E0E18C /* GlanceController.swift in Sources */ = {isa = PBXBuildFile; fileRef = FA6319BE1A1BD62C00E0E18C /* GlanceController.swift */; };
		FA6319C11A1BD62C00E0E18C /* Images.xcassets in Resources */ = {isa = PBXBuildFile; fileRef = FA6319C01A1BD62C00E0E18C /* Images.xcassets */; };
		FA6319C51A1BD62C00E0E18C /* Foo Watch App.app in Resources */ = {isa = PBXBuildFile; fileRef = FA6319C41A1BD62C00E0E18C /* Foo Watch App.app */; };
		FA6319CC1A1BD62C00E0E18C /* Interface.storyboard in Resources */ = {isa = PBXBuildFile; fileRef = FA6319CB1A1BD62C00E0E18C /* Interface.storyboard */; };
		FA6319CE1A1BD62C00E0E18C /* Images.xcassets in Resources */ = {isa = PBXBuildFile; fileRef = FA6319CD1A1BD62C00E0E18C /* Images.xcassets */; };
		FA6319D11A1BD62C00E0E18C /* Foo WatchKit Extension.appex in Embed App Extensions */ = {isa = PBXBuildFile; fileRef = FA6319B21A1BD62C00E0E18C /* Foo WatchKit Extension.appex */; settings = {ATTRIBUTES = (RemoveHeadersOnCopy, ); }; };
/* End PBXBuildFile section */

/* Begin PBXContainerItemProxy section */
		FA63199F1A1BD61F00E0E18C /* PBXContainerItemProxy */ = {
			isa = PBXContainerItemProxy;
			containerPortal = FA63197E1A1BD61F00E0E18C /* Project object */;
			proxyType = 1;
			remoteGlobalIDString = FA6319851A1BD61F00E0E18C;
			remoteInfo = Foo;
		};
		FA6319C61A1BD62C00E0E18C /* PBXContainerItemProxy */ = {
			isa = PBXContainerItemProxy;
			containerPortal = FA63197E1A1BD61F00E0E18C /* Project object */;
			proxyType = 1;
			remoteGlobalIDString = FA6319C31A1BD62C00E0E18C;
			remoteInfo = "Foo Watch App";
		};
		FA6319CF1A1BD62C00E0E18C /* PBXContainerItemProxy */ = {
			isa = PBXContainerItemProxy;
			containerPortal = FA63197E1A1BD61F00E0E18C /* Project object */;
			proxyType = 1;
			remoteGlobalIDString = FA6319B11A1BD62C00E0E18C;
			remoteInfo = "Foo WatchKit Extension";
		};
/* End PBXContainerItemProxy section */

/* Begin PBXCopyFilesBuildPhase section */
		FA6319D81A1BD62C00E0E18C /* Embed App Extensions */ = {
			isa = PBXCopyFilesBuildPhase;
			buildActionMask = 2147483647;
			dstPath = "";
			dstSubfolderSpec = 13;
			files = (
				FA6319D11A1BD62C00E0E18C /* Foo WatchKit Extension.appex in Embed App Extensions */,
			);
			name = "Embed App Extensions";
			runOnlyForDeploymentPostprocessing = 0;
		};
/* End PBXCopyFilesBuildPhase section */

/* Begin PBXFileReference section */
		FA4BA43F1A1DBF9A00555223 /* GithubClient.swift */ = {isa = PBXFileReference; fileEncoding = 4; lastKnownFileType = sourcecode.swift; path = GithubClient.swift; sourceTree = "<group>"; };
		FA4BA4421A1DC68B00555223 /* SwiftyJSON.swift */ = {isa = PBXFileReference; fileEncoding = 4; lastKnownFileType = sourcecode.swift; path = SwiftyJSON.swift; sourceTree = "<group>"; };
		FA4BA4461A1DCC3A00555223 /* MediaClient.swift */ = {isa = PBXFileReference; fileEncoding = 4; lastKnownFileType = sourcecode.swift; path = MediaClient.swift; sourceTree = "<group>"; };
		FA4BA44A1A1DCE5500555223 /* Promise.swift */ = {isa = PBXFileReference; fileEncoding = 4; lastKnownFileType = sourcecode.swift; path = Promise.swift; sourceTree = "<group>"; };
		FA4EC8701A316FA900C66A16 /* heart2-0@2x.png */ = {isa = PBXFileReference; lastKnownFileType = image.png; path = "heart2-0@2x.png"; sourceTree = "<group>"; };
		FA4EC8711A316FA900C66A16 /* heart2-10@2x.png */ = {isa = PBXFileReference; lastKnownFileType = image.png; path = "heart2-10@2x.png"; sourceTree = "<group>"; };
		FA4EC8721A316FA900C66A16 /* heart2-11@2x.png */ = {isa = PBXFileReference; lastKnownFileType = image.png; path = "heart2-11@2x.png"; sourceTree = "<group>"; };
		FA4EC8731A316FA900C66A16 /* heart2-12@2x.png */ = {isa = PBXFileReference; lastKnownFileType = image.png; path = "heart2-12@2x.png"; sourceTree = "<group>"; };
		FA4EC8741A316FA900C66A16 /* heart2-13@2x.png */ = {isa = PBXFileReference; lastKnownFileType = image.png; path = "heart2-13@2x.png"; sourceTree = "<group>"; };
		FA4EC8751A316FA900C66A16 /* heart2-14@2x.png */ = {isa = PBXFileReference; lastKnownFileType = image.png; path = "heart2-14@2x.png"; sourceTree = "<group>"; };
		FA4EC8761A316FA900C66A16 /* heart2-15@2x.png */ = {isa = PBXFileReference; lastKnownFileType = image.png; path = "heart2-15@2x.png"; sourceTree = "<group>"; };
		FA4EC8771A316FA900C66A16 /* heart2-16@2x.png */ = {isa = PBXFileReference; lastKnownFileType = image.png; path = "heart2-16@2x.png"; sourceTree = "<group>"; };
		FA4EC8781A316FA900C66A16 /* heart2-17@2x.png */ = {isa = PBXFileReference; lastKnownFileType = image.png; path = "heart2-17@2x.png"; sourceTree = "<group>"; };
		FA4EC8791A316FA900C66A16 /* heart2-18@2x.png */ = {isa = PBXFileReference; lastKnownFileType = image.png; path = "heart2-18@2x.png"; sourceTree = "<group>"; };
		FA4EC87A1A316FA900C66A16 /* heart2-19@2x.png */ = {isa = PBXFileReference; lastKnownFileType = image.png; path = "heart2-19@2x.png"; sourceTree = "<group>"; };
		FA4EC87B1A316FA900C66A16 /* heart2-1@2x.png */ = {isa = PBXFileReference; lastKnownFileType = image.png; path = "heart2-1@2x.png"; sourceTree = "<group>"; };
		FA4EC87C1A316FA900C66A16 /* heart2-20@2x.png */ = {isa = PBXFileReference; lastKnownFileType = image.png; path = "heart2-20@2x.png"; sourceTree = "<group>"; };
		FA4EC87D1A316FA900C66A16 /* heart2-21@2x.png */ = {isa = PBXFileReference; lastKnownFileType = image.png; path = "heart2-21@2x.png"; sourceTree = "<group>"; };
		FA4EC87E1A316FA900C66A16 /* heart2-22@2x.png */ = {isa = PBXFileReference; lastKnownFileType = image.png; path = "heart2-22@2x.png"; sourceTree = "<group>"; };
		FA4EC87F1A316FA900C66A16 /* heart2-23@2x.png */ = {isa = PBXFileReference; lastKnownFileType = image.png; path = "heart2-23@2x.png"; sourceTree = "<group>"; };
		FA4EC8801A316FA900C66A16 /* heart2-24@2x.png */ = {isa = PBXFileReference; lastKnownFileType = image.png; path = "heart2-24@2x.png"; sourceTree = "<group>"; };
		FA4EC8811A316FA900C66A16 /* heart2-25@2x.png */ = {isa = PBXFileReference; lastKnownFileType = image.png; path = "heart2-25@2x.png"; sourceTree = "<group>"; };
		FA4EC8821A316FA900C66A16 /* heart2-26@2x.png */ = {isa = PBXFileReference; lastKnownFileType = image.png; path = "heart2-26@2x.png"; sourceTree = "<group>"; };
		FA4EC8831A316FA900C66A16 /* heart2-27@2x.png */ = {isa = PBXFileReference; lastKnownFileType = image.png; path = "heart2-27@2x.png"; sourceTree = "<group>"; };
		FA4EC8841A316FA900C66A16 /* heart2-28@2x.png */ = {isa = PBXFileReference; lastKnownFileType = image.png; path = "heart2-28@2x.png"; sourceTree = "<group>"; };
		FA4EC8851A316FA900C66A16 /* heart2-29@2x.png */ = {isa = PBXFileReference; lastKnownFileType = image.png; path = "heart2-29@2x.png"; sourceTree = "<group>"; };
		FA4EC8861A316FA900C66A16 /* heart2-2@2x.png */ = {isa = PBXFileReference; lastKnownFileType = image.png; path = "heart2-2@2x.png"; sourceTree = "<group>"; };
		FA4EC8871A316FA900C66A16 /* heart2-30@2x.png */ = {isa = PBXFileReference; lastKnownFileType = image.png; path = "heart2-30@2x.png"; sourceTree = "<group>"; };
		FA4EC8881A316FA900C66A16 /* heart2-31@2x.png */ = {isa = PBXFileReference; lastKnownFileType = image.png; path = "heart2-31@2x.png"; sourceTree = "<group>"; };
		FA4EC8891A316FA900C66A16 /* heart2-32@2x.png */ = {isa = PBXFileReference; lastKnownFileType = image.png; path = "heart2-32@2x.png"; sourceTree = "<group>"; };
		FA4EC88A1A316FA900C66A16 /* heart2-33@2x.png */ = {isa = PBXFileReference; lastKnownFileType = image.png; path = "heart2-33@2x.png"; sourceTree = "<group>"; };
		FA4EC88B1A316FA900C66A16 /* heart2-34@2x.png */ = {isa = PBXFileReference; lastKnownFileType = image.png; path = "heart2-34@2x.png"; sourceTree = "<group>"; };
		FA4EC88C1A316FA900C66A16 /* heart2-35@2x.png */ = {isa = PBXFileReference; lastKnownFileType = image.png; path = "heart2-35@2x.png"; sourceTree = "<group>"; };
		FA4EC88D1A316FA900C66A16 /* heart2-36@2x.png */ = {isa = PBXFileReference; lastKnownFileType = image.png; path = "heart2-36@2x.png"; sourceTree = "<group>"; };
		FA4EC88E1A316FA900C66A16 /* heart2-37@2x.png */ = {isa = PBXFileReference; lastKnownFileType = image.png; path = "heart2-37@2x.png"; sourceTree = "<group>"; };
		FA4EC88F1A316FA900C66A16 /* heart2-38@2x.png */ = {isa = PBXFileReference; lastKnownFileType = image.png; path = "heart2-38@2x.png"; sourceTree = "<group>"; };
		FA4EC8901A316FA900C66A16 /* heart2-39@2x.png */ = {isa = PBXFileReference; lastKnownFileType = image.png; path = "heart2-39@2x.png"; sourceTree = "<group>"; };
		FA4EC8911A316FA900C66A16 /* heart2-3@2x.png */ = {isa = PBXFileReference; lastKnownFileType = image.png; path = "heart2-3@2x.png"; sourceTree = "<group>"; };
		FA4EC8921A316FA900C66A16 /* heart2-40@2x.png */ = {isa = PBXFileReference; lastKnownFileType = image.png; path = "heart2-40@2x.png"; sourceTree = "<group>"; };
		FA4EC8931A316FA900C66A16 /* heart2-41@2x.png */ = {isa = PBXFileReference; lastKnownFileType = image.png; path = "heart2-41@2x.png"; sourceTree = "<group>"; };
		FA4EC8941A316FA900C66A16 /* heart2-42@2x.png */ = {isa = PBXFileReference; lastKnownFileType = image.png; path = "heart2-42@2x.png"; sourceTree = "<group>"; };
		FA4EC8951A316FA900C66A16 /* heart2-43@2x.png */ = {isa = PBXFileReference; lastKnownFileType = image.png; path = "heart2-43@2x.png"; sourceTree = "<group>"; };
		FA4EC8961A316FA900C66A16 /* heart2-44@2x.png */ = {isa = PBXFileReference; lastKnownFileType = image.png; path = "heart2-44@2x.png"; sourceTree = "<group>"; };
		FA4EC8971A316FA900C66A16 /* heart2-45@2x.png */ = {isa = PBXFileReference; lastKnownFileType = image.png; path = "heart2-45@2x.png"; sourceTree = "<group>"; };
		FA4EC8981A316FA900C66A16 /* heart2-46@2x.png */ = {isa = PBXFileReference; lastKnownFileType = image.png; path = "heart2-46@2x.png"; sourceTree = "<group>"; };
		FA4EC8991A316FA900C66A16 /* heart2-47@2x.png */ = {isa = PBXFileReference; lastKnownFileType = image.png; path = "heart2-47@2x.png"; sourceTree = "<group>"; };
		FA4EC89A1A316FA900C66A16 /* heart2-48@2x.png */ = {isa = PBXFileReference; lastKnownFileType = image.png; path = "heart2-48@2x.png"; sourceTree = "<group>"; };
		FA4EC89B1A316FA900C66A16 /* heart2-49@2x.png */ = {isa = PBXFileReference; lastKnownFileType = image.png; path = "heart2-49@2x.png"; sourceTree = "<group>"; };
		FA4EC89C1A316FA900C66A16 /* heart2-4@2x.png */ = {isa = PBXFileReference; lastKnownFileType = image.png; path = "heart2-4@2x.png"; sourceTree = "<group>"; };
		FA4EC89D1A316FA900C66A16 /* heart2-50@2x.png */ = {isa = PBXFileReference; lastKnownFileType = image.png; path = "heart2-50@2x.png"; sourceTree = "<group>"; };
		FA4EC89E1A316FA900C66A16 /* heart2-51@2x.png */ = {isa = PBXFileReference; lastKnownFileType = image.png; path = "heart2-51@2x.png"; sourceTree = "<group>"; };
		FA4EC89F1A316FA900C66A16 /* heart2-52@2x.png */ = {isa = PBXFileReference; lastKnownFileType = image.png; path = "heart2-52@2x.png"; sourceTree = "<group>"; };
		FA4EC8A01A316FA900C66A16 /* heart2-53@2x.png */ = {isa = PBXFileReference; lastKnownFileType = image.png; path = "heart2-53@2x.png"; sourceTree = "<group>"; };
		FA4EC8A11A316FA900C66A16 /* heart2-5@2x.png */ = {isa = PBXFileReference; lastKnownFileType = image.png; path = "heart2-5@2x.png"; sourceTree = "<group>"; };
		FA4EC8A21A316FA900C66A16 /* heart2-6@2x.png */ = {isa = PBXFileReference; lastKnownFileType = image.png; path = "heart2-6@2x.png"; sourceTree = "<group>"; };
		FA4EC8A31A316FA900C66A16 /* heart2-7@2x.png */ = {isa = PBXFileReference; lastKnownFileType = image.png; path = "heart2-7@2x.png"; sourceTree = "<group>"; };
		FA4EC8A41A316FA900C66A16 /* heart2-8@2x.png */ = {isa = PBXFileReference; lastKnownFileType = image.png; path = "heart2-8@2x.png"; sourceTree = "<group>"; };
		FA4EC8A51A316FA900C66A16 /* heart2-9@2x.png */ = {isa = PBXFileReference; lastKnownFileType = image.png; path = "heart2-9@2x.png"; sourceTree = "<group>"; };
		FA6319861A1BD61F00E0E18C /* Foo.app */ = {isa = PBXFileReference; explicitFileType = wrapper.application; includeInIndex = 0; path = Foo.app; sourceTree = BUILT_PRODUCTS_DIR; };
		FA63198A1A1BD61F00E0E18C /* Info.plist */ = {isa = PBXFileReference; lastKnownFileType = text.plist.xml; path = Info.plist; sourceTree = "<group>"; };
		FA63198B1A1BD61F00E0E18C /* AppDelegate.swift */ = {isa = PBXFileReference; lastKnownFileType = sourcecode.swift; path = AppDelegate.swift; sourceTree = "<group>"; };
		FA63198E1A1BD61F00E0E18C /* Foo.xcdatamodel */ = {isa = PBXFileReference; lastKnownFileType = wrapper.xcdatamodel; path = Foo.xcdatamodel; sourceTree = "<group>"; };
		FA6319901A1BD61F00E0E18C /* ViewController.swift */ = {isa = PBXFileReference; lastKnownFileType = sourcecode.swift; path = ViewController.swift; sourceTree = "<group>"; };
		FA6319931A1BD61F00E0E18C /* Base */ = {isa = PBXFileReference; lastKnownFileType = file.storyboard; name = Base; path = Base.lproj/Main.storyboard; sourceTree = "<group>"; };
		FA6319951A1BD61F00E0E18C /* Images.xcassets */ = {isa = PBXFileReference; lastKnownFileType = folder.assetcatalog; path = Images.xcassets; sourceTree = "<group>"; };
		FA6319981A1BD61F00E0E18C /* Base */ = {isa = PBXFileReference; lastKnownFileType = file.xib; name = Base; path = Base.lproj/LaunchScreen.xib; sourceTree = "<group>"; };
		FA63199E1A1BD61F00E0E18C /* FooTests.xctest */ = {isa = PBXFileReference; explicitFileType = wrapper.cfbundle; includeInIndex = 0; path = FooTests.xctest; sourceTree = BUILT_PRODUCTS_DIR; };
		FA6319A31A1BD62000E0E18C /* Info.plist */ = {isa = PBXFileReference; lastKnownFileType = text.plist.xml; path = Info.plist; sourceTree = "<group>"; };
		FA6319A41A1BD62000E0E18C /* FooTests.swift */ = {isa = PBXFileReference; lastKnownFileType = sourcecode.swift; path = FooTests.swift; sourceTree = "<group>"; };
		FA6319B21A1BD62C00E0E18C /* Foo WatchKit Extension.appex */ = {isa = PBXFileReference; explicitFileType = "wrapper.app-extension"; includeInIndex = 0; path = "Foo WatchKit Extension.appex"; sourceTree = BUILT_PRODUCTS_DIR; };
		FA6319B41A1BD62C00E0E18C /* WatchKit.framework */ = {isa = PBXFileReference; lastKnownFileType = wrapper.framework; name = WatchKit.framework; path = System/Library/Frameworks/WatchKit.framework; sourceTree = SDKROOT; };
		FA6319B81A1BD62C00E0E18C /* Info.plist */ = {isa = PBXFileReference; lastKnownFileType = text.plist.xml; path = Info.plist; sourceTree = "<group>"; };
		FA6319B91A1BD62C00E0E18C /* PushNotificationPayload.json */ = {isa = PBXFileReference; lastKnownFileType = text.json; path = PushNotificationPayload.json; sourceTree = "<group>"; };
		FA6319BA1A1BD62C00E0E18C /* InterfaceController.swift */ = {isa = PBXFileReference; lastKnownFileType = sourcecode.swift; path = InterfaceController.swift; sourceTree = "<group>"; };
		FA6319BC1A1BD62C00E0E18C /* NotificationController.swift */ = {isa = PBXFileReference; lastKnownFileType = sourcecode.swift; path = NotificationController.swift; sourceTree = "<group>"; };
		FA6319BE1A1BD62C00E0E18C /* GlanceController.swift */ = {isa = PBXFileReference; lastKnownFileType = sourcecode.swift; path = GlanceController.swift; sourceTree = "<group>"; };
		FA6319C01A1BD62C00E0E18C /* Images.xcassets */ = {isa = PBXFileReference; lastKnownFileType = folder.assetcatalog; path = Images.xcassets; sourceTree = "<group>"; };
		FA6319C41A1BD62C00E0E18C /* Foo Watch App.app */ = {isa = PBXFileReference; explicitFileType = wrapper.application; includeInIndex = 0; path = "Foo Watch App.app"; sourceTree = BUILT_PRODUCTS_DIR; };
		FA6319CA1A1BD62C00E0E18C /* Info.plist */ = {isa = PBXFileReference; lastKnownFileType = text.plist.xml; path = Info.plist; sourceTree = "<group>"; };
		FA6319CB1A1BD62C00E0E18C /* Interface.storyboard */ = {isa = PBXFileReference; lastKnownFileType = file.storyboard; path = Interface.storyboard; sourceTree = "<group>"; };
		FA6319CD1A1BD62C00E0E18C /* Images.xcassets */ = {isa = PBXFileReference; lastKnownFileType = folder.assetcatalog; path = Images.xcassets; sourceTree = "<group>"; };
/* End PBXFileReference section */

/* Begin PBXFrameworksBuildPhase section */
		FA6319831A1BD61F00E0E18C /* Frameworks */ = {
			isa = PBXFrameworksBuildPhase;
			buildActionMask = 2147483647;
			files = (
			);
			runOnlyForDeploymentPostprocessing = 0;
		};
		FA63199B1A1BD61F00E0E18C /* Frameworks */ = {
			isa = PBXFrameworksBuildPhase;
			buildActionMask = 2147483647;
			files = (
			);
			runOnlyForDeploymentPostprocessing = 0;
		};
		FA6319AF1A1BD62C00E0E18C /* Frameworks */ = {
			isa = PBXFrameworksBuildPhase;
			buildActionMask = 2147483647;
			files = (
				FA6319B51A1BD62C00E0E18C /* WatchKit.framework in Frameworks */,
			);
			runOnlyForDeploymentPostprocessing = 0;
		};
/* End PBXFrameworksBuildPhase section */

/* Begin PBXGroup section */
		FA4EC86F1A316FA900C66A16 /* Heart */ = {
			isa = PBXGroup;
			children = (
				FA4EC8701A316FA900C66A16 /* heart2-0@2x.png */,
				FA4EC8711A316FA900C66A16 /* heart2-10@2x.png */,
				FA4EC8721A316FA900C66A16 /* heart2-11@2x.png */,
				FA4EC8731A316FA900C66A16 /* heart2-12@2x.png */,
				FA4EC8741A316FA900C66A16 /* heart2-13@2x.png */,
				FA4EC8751A316FA900C66A16 /* heart2-14@2x.png */,
				FA4EC8761A316FA900C66A16 /* heart2-15@2x.png */,
				FA4EC8771A316FA900C66A16 /* heart2-16@2x.png */,
				FA4EC8781A316FA900C66A16 /* heart2-17@2x.png */,
				FA4EC8791A316FA900C66A16 /* heart2-18@2x.png */,
				FA4EC87A1A316FA900C66A16 /* heart2-19@2x.png */,
				FA4EC87B1A316FA900C66A16 /* heart2-1@2x.png */,
				FA4EC87C1A316FA900C66A16 /* heart2-20@2x.png */,
				FA4EC87D1A316FA900C66A16 /* heart2-21@2x.png */,
				FA4EC87E1A316FA900C66A16 /* heart2-22@2x.png */,
				FA4EC87F1A316FA900C66A16 /* heart2-23@2x.png */,
				FA4EC8801A316FA900C66A16 /* heart2-24@2x.png */,
				FA4EC8811A316FA900C66A16 /* heart2-25@2x.png */,
				FA4EC8821A316FA900C66A16 /* heart2-26@2x.png */,
				FA4EC8831A316FA900C66A16 /* heart2-27@2x.png */,
				FA4EC8841A316FA900C66A16 /* heart2-28@2x.png */,
				FA4EC8851A316FA900C66A16 /* heart2-29@2x.png */,
				FA4EC8861A316FA900C66A16 /* heart2-2@2x.png */,
				FA4EC8871A316FA900C66A16 /* heart2-30@2x.png */,
				FA4EC8881A316FA900C66A16 /* heart2-31@2x.png */,
				FA4EC8891A316FA900C66A16 /* heart2-32@2x.png */,
				FA4EC88A1A316FA900C66A16 /* heart2-33@2x.png */,
				FA4EC88B1A316FA900C66A16 /* heart2-34@2x.png */,
				FA4EC88C1A316FA900C66A16 /* heart2-35@2x.png */,
				FA4EC88D1A316FA900C66A16 /* heart2-36@2x.png */,
				FA4EC88E1A316FA900C66A16 /* heart2-37@2x.png */,
				FA4EC88F1A316FA900C66A16 /* heart2-38@2x.png */,
				FA4EC8901A316FA900C66A16 /* heart2-39@2x.png */,
				FA4EC8911A316FA900C66A16 /* heart2-3@2x.png */,
				FA4EC8921A316FA900C66A16 /* heart2-40@2x.png */,
				FA4EC8931A316FA900C66A16 /* heart2-41@2x.png */,
				FA4EC8941A316FA900C66A16 /* heart2-42@2x.png */,
				FA4EC8951A316FA900C66A16 /* heart2-43@2x.png */,
				FA4EC8961A316FA900C66A16 /* heart2-44@2x.png */,
				FA4EC8971A316FA900C66A16 /* heart2-45@2x.png */,
				FA4EC8981A316FA900C66A16 /* heart2-46@2x.png */,
				FA4EC8991A316FA900C66A16 /* heart2-47@2x.png */,
				FA4EC89A1A316FA900C66A16 /* heart2-48@2x.png */,
				FA4EC89B1A316FA900C66A16 /* heart2-49@2x.png */,
				FA4EC89C1A316FA900C66A16 /* heart2-4@2x.png */,
				FA4EC89D1A316FA900C66A16 /* heart2-50@2x.png */,
				FA4EC89E1A316FA900C66A16 /* heart2-51@2x.png */,
				FA4EC89F1A316FA900C66A16 /* heart2-52@2x.png */,
				FA4EC8A01A316FA900C66A16 /* heart2-53@2x.png */,
				FA4EC8A11A316FA900C66A16 /* heart2-5@2x.png */,
				FA4EC8A21A316FA900C66A16 /* heart2-6@2x.png */,
				FA4EC8A31A316FA900C66A16 /* heart2-7@2x.png */,
				FA4EC8A41A316FA900C66A16 /* heart2-8@2x.png */,
				FA4EC8A51A316FA900C66A16 /* heart2-9@2x.png */,
			);
			path = Heart;
			sourceTree = "<group>";
		};
		FA63197D1A1BD61F00E0E18C = {
			isa = PBXGroup;
			children = (
				FA6319881A1BD61F00E0E18C /* Foo */,
				FA6319A11A1BD61F00E0E18C /* FooTests */,
				FA6319B61A1BD62C00E0E18C /* Foo WatchKit Extension */,
				FA6319C81A1BD62C00E0E18C /* Foo Watch App */,
				FA6319B31A1BD62C00E0E18C /* Frameworks */,
				FA6319871A1BD61F00E0E18C /* Products */,
			);
			sourceTree = "<group>";
		};
		FA6319871A1BD61F00E0E18C /* Products */ = {
			isa = PBXGroup;
			children = (
				FA6319861A1BD61F00E0E18C /* Foo.app */,
				FA63199E1A1BD61F00E0E18C /* FooTests.xctest */,
				FA6319B21A1BD62C00E0E18C /* Foo WatchKit Extension.appex */,
				FA6319C41A1BD62C00E0E18C /* Foo Watch App.app */,
			);
			name = Products;
			sourceTree = "<group>";
		};
		FA6319881A1BD61F00E0E18C /* Foo */ = {
			isa = PBXGroup;
			children = (
				FA4BA44A1A1DCE5500555223 /* Promise.swift */,
				FA4BA4461A1DCC3A00555223 /* MediaClient.swift */,
				FA4BA4421A1DC68B00555223 /* SwiftyJSON.swift */,
				FA63198B1A1BD61F00E0E18C /* AppDelegate.swift */,
				FA6319901A1BD61F00E0E18C /* ViewController.swift */,
				FA6319921A1BD61F00E0E18C /* Main.storyboard */,
				FA6319951A1BD61F00E0E18C /* Images.xcassets */,
				FA6319971A1BD61F00E0E18C /* LaunchScreen.xib */,
				FA63198D1A1BD61F00E0E18C /* Foo.xcdatamodeld */,
				FA6319891A1BD61F00E0E18C /* Supporting Files */,
				FA4BA43F1A1DBF9A00555223 /* GithubClient.swift */,
			);
			path = Foo;
			sourceTree = "<group>";
		};
		FA6319891A1BD61F00E0E18C /* Supporting Files */ = {
			isa = PBXGroup;
			children = (
				FA63198A1A1BD61F00E0E18C /* Info.plist */,
			);
			name = "Supporting Files";
			sourceTree = "<group>";
		};
		FA6319A11A1BD61F00E0E18C /* FooTests */ = {
			isa = PBXGroup;
			children = (
				FA6319A41A1BD62000E0E18C /* FooTests.swift */,
				FA6319A21A1BD62000E0E18C /* Supporting Files */,
			);
			path = FooTests;
			sourceTree = "<group>";
		};
		FA6319A21A1BD62000E0E18C /* Supporting Files */ = {
			isa = PBXGroup;
			children = (
				FA6319A31A1BD62000E0E18C /* Info.plist */,
			);
			name = "Supporting Files";
			sourceTree = "<group>";
		};
		FA6319B31A1BD62C00E0E18C /* Frameworks */ = {
			isa = PBXGroup;
			children = (
				FA6319B41A1BD62C00E0E18C /* WatchKit.framework */,
			);
			name = Frameworks;
			sourceTree = "<group>";
		};
		FA6319B61A1BD62C00E0E18C /* Foo WatchKit Extension */ = {
			isa = PBXGroup;
			children = (
				FA6319BA1A1BD62C00E0E18C /* InterfaceController.swift */,
				FA6319BC1A1BD62C00E0E18C /* NotificationController.swift */,
				FA6319BE1A1BD62C00E0E18C /* GlanceController.swift */,
				FA6319C01A1BD62C00E0E18C /* Images.xcassets */,
				FA6319B71A1BD62C00E0E18C /* Supporting Files */,
			);
			path = "Foo WatchKit Extension";
			sourceTree = "<group>";
		};
		FA6319B71A1BD62C00E0E18C /* Supporting Files */ = {
			isa = PBXGroup;
			children = (
				FA6319B81A1BD62C00E0E18C /* Info.plist */,
				FA6319B91A1BD62C00E0E18C /* PushNotificationPayload.json */,
			);
			name = "Supporting Files";
			sourceTree = "<group>";
		};
		FA6319C81A1BD62C00E0E18C /* Foo Watch App */ = {
			isa = PBXGroup;
			children = (
				FA4EC86F1A316FA900C66A16 /* Heart */,
				FA6319CB1A1BD62C00E0E18C /* Interface.storyboard */,
				FA6319CD1A1BD62C00E0E18C /* Images.xcassets */,
				FA6319C91A1BD62C00E0E18C /* Supporting Files */,
			);
			path = "Foo Watch App";
			sourceTree = "<group>";
		};
		FA6319C91A1BD62C00E0E18C /* Supporting Files */ = {
			isa = PBXGroup;
			children = (
				FA6319CA1A1BD62C00E0E18C /* Info.plist */,
			);
			name = "Supporting Files";
			sourceTree = "<group>";
		};
/* End PBXGroup section */

/* Begin PBXNativeTarget section */
		FA6319851A1BD61F00E0E18C /* Foo */ = {
			isa = PBXNativeTarget;
			buildConfigurationList = FA6319A81A1BD62000E0E18C /* Build configuration list for PBXNativeTarget "Foo" */;
			buildPhases = (
				FA6319821A1BD61F00E0E18C /* Sources */,
				FA6319831A1BD61F00E0E18C /* Frameworks */,
				FA6319841A1BD61F00E0E18C /* Resources */,
				FA6319D81A1BD62C00E0E18C /* Embed App Extensions */,
			);
			buildRules = (
			);
			dependencies = (
				FA6319D01A1BD62C00E0E18C /* PBXTargetDependency */,
			);
			name = Foo;
			productName = Foo;
			productReference = FA6319861A1BD61F00E0E18C /* Foo.app */;
			productType = "com.apple.product-type.application";
		};
		FA63199D1A1BD61F00E0E18C /* FooTests */ = {
			isa = PBXNativeTarget;
			buildConfigurationList = FA6319AB1A1BD62000E0E18C /* Build configuration list for PBXNativeTarget "FooTests" */;
			buildPhases = (
				FA63199A1A1BD61F00E0E18C /* Sources */,
				FA63199B1A1BD61F00E0E18C /* Frameworks */,
				FA63199C1A1BD61F00E0E18C /* Resources */,
			);
			buildRules = (
			);
			dependencies = (
				FA6319A01A1BD61F00E0E18C /* PBXTargetDependency */,
			);
			name = FooTests;
			productName = FooTests;
			productReference = FA63199E1A1BD61F00E0E18C /* FooTests.xctest */;
			productType = "com.apple.product-type.bundle.unit-test";
		};
		FA6319B11A1BD62C00E0E18C /* Foo WatchKit Extension */ = {
			isa = PBXNativeTarget;
			buildConfigurationList = FA6319D51A1BD62C00E0E18C /* Build configuration list for PBXNativeTarget "Foo WatchKit Extension" */;
			buildPhases = (
				FA6319AE1A1BD62C00E0E18C /* Sources */,
				FA6319AF1A1BD62C00E0E18C /* Frameworks */,
				FA6319B01A1BD62C00E0E18C /* Resources */,
			);
			buildRules = (
			);
			dependencies = (
				FA6319C71A1BD62C00E0E18C /* PBXTargetDependency */,
			);
			name = "Foo WatchKit Extension";
			productName = "Foo WatchKit Extension";
			productReference = FA6319B21A1BD62C00E0E18C /* Foo WatchKit Extension.appex */;
			productType = "com.apple.product-type.watchkit-extension";
		};
		FA6319C31A1BD62C00E0E18C /* Foo Watch App */ = {
			isa = PBXNativeTarget;
			buildConfigurationList = FA6319D21A1BD62C00E0E18C /* Build configuration list for PBXNativeTarget "Foo Watch App" */;
			buildPhases = (
				FA6319C21A1BD62C00E0E18C /* Resources */,
			);
			buildRules = (
			);
			dependencies = (
			);
			name = "Foo Watch App";
			productName = "Foo Watch App";
			productReference = FA6319C41A1BD62C00E0E18C /* Foo Watch App.app */;
			productType = "com.apple.product-type.application.watchapp";
		};
/* End PBXNativeTarget section */

/* Begin PBXProject section */
		FA63197E1A1BD61F00E0E18C /* Project object */ = {
			isa = PBXProject;
			attributes = {
				LastUpgradeCheck = 0620;
				ORGANIZATIONNAME = "SocialCode Inc.";
				TargetAttributes = {
					FA6319851A1BD61F00E0E18C = {
						CreatedOnToolsVersion = 6.2;
					};
					FA63199D1A1BD61F00E0E18C = {
						CreatedOnToolsVersion = 6.2;
						TestTargetID = FA6319851A1BD61F00E0E18C;
					};
					FA6319B11A1BD62C00E0E18C = {
						CreatedOnToolsVersion = 6.2;
					};
					FA6319C31A1BD62C00E0E18C = {
						CreatedOnToolsVersion = 6.2;
					};
				};
			};
			buildConfigurationList = FA6319811A1BD61F00E0E18C /* Build configuration list for PBXProject "Foo" */;
			compatibilityVersion = "Xcode 3.2";
			developmentRegion = English;
			hasScannedForEncodings = 0;
			knownRegions = (
				en,
				Base,
			);
			mainGroup = FA63197D1A1BD61F00E0E18C;
			productRefGroup = FA6319871A1BD61F00E0E18C /* Products */;
			projectDirPath = "";
			projectRoot = "";
			targets = (
				FA6319851A1BD61F00E0E18C /* Foo */,
				FA63199D1A1BD61F00E0E18C /* FooTests */,
				FA6319B11A1BD62C00E0E18C /* Foo WatchKit Extension */,
				FA6319C31A1BD62C00E0E18C /* Foo Watch App */,
			);
		};
/* End PBXProject section */

/* Begin PBXResourcesBuildPhase section */
		FA6319841A1BD61F00E0E18C /* Resources */ = {
			isa = PBXResourcesBuildPhase;
			buildActionMask = 2147483647;
			files = (
				FA6319941A1BD61F00E0E18C /* Main.storyboard in Resources */,
				FA6319991A1BD61F00E0E18C /* LaunchScreen.xib in Resources */,
				FA6319961A1BD61F00E0E18C /* Images.xcassets in Resources */,
			);
			runOnlyForDeploymentPostprocessing = 0;
		};
		FA63199C1A1BD61F00E0E18C /* Resources */ = {
			isa = PBXResourcesBuildPhase;
			buildActionMask = 2147483647;
			files = (
			);
			runOnlyForDeploymentPostprocessing = 0;
		};
		FA6319B01A1BD62C00E0E18C /* Resources */ = {
			isa = PBXResourcesBuildPhase;
			buildActionMask = 2147483647;
			files = (
				FA6319C51A1BD62C00E0E18C /* Foo Watch App.app in Resources */,
				FA6319C11A1BD62C00E0E18C /* Images.xcassets in Resources */,
			);
			runOnlyForDeploymentPostprocessing = 0;
		};
		FA6319C21A1BD62C00E0E18C /* Resources */ = {
			isa = PBXResourcesBuildPhase;
			buildActionMask = 2147483647;
			files = (
				FA6319CC1A1BD62C00E0E18C /* Interface.storyboard in Resources */,
				FA4EC8CE1A316FA900C66A16 /* heart2-46@2x.png in Resources */,
				FA4EC8AF1A316FA900C66A16 /* heart2-18@2x.png in Resources */,
				FA4EC8B11A316FA900C66A16 /* heart2-1@2x.png in Resources */,
				FA4EC8C61A316FA900C66A16 /* heart2-39@2x.png in Resources */,
				FA4EC8D31A316FA900C66A16 /* heart2-50@2x.png in Resources */,
				FA4EC8C11A316FA900C66A16 /* heart2-34@2x.png in Resources */,
				FA4EC8C81A316FA900C66A16 /* heart2-40@2x.png in Resources */,
				FA4EC8B91A316FA900C66A16 /* heart2-27@2x.png in Resources */,
				FA4EC8B31A316FA900C66A16 /* heart2-21@2x.png in Resources */,
				FA4EC8BA1A316FA900C66A16 /* heart2-28@2x.png in Resources */,
				FA4EC8AA1A316FA900C66A16 /* heart2-13@2x.png in Resources */,
				FA4EC8B01A316FA900C66A16 /* heart2-19@2x.png in Resources */,
				FA4EC8C91A316FA900C66A16 /* heart2-41@2x.png in Resources */,
				FA4EC8C31A316FA900C66A16 /* heart2-36@2x.png in Resources */,
				FA4EC8AC1A316FA900C66A16 /* heart2-15@2x.png in Resources */,
				FA4EC8DB1A316FA900C66A16 /* heart2-9@2x.png in Resources */,
				FA4EC8BE1A316FA900C66A16 /* heart2-31@2x.png in Resources */,
				FA4EC8D01A316FA900C66A16 /* heart2-48@2x.png in Resources */,
				FA4EC8B21A316FA900C66A16 /* heart2-20@2x.png in Resources */,
				FA4EC8C21A316FA900C66A16 /* heart2-35@2x.png in Resources */,
				FA4EC8D91A316FA900C66A16 /* heart2-7@2x.png in Resources */,
				FA4EC8D11A316FA900C66A16 /* heart2-49@2x.png in Resources */,
				FA4EC8CC1A316FA900C66A16 /* heart2-44@2x.png in Resources */,
				FA4EC8B81A316FA900C66A16 /* heart2-26@2x.png in Resources */,
				FA4EC8CD1A316FA900C66A16 /* heart2-45@2x.png in Resources */,
				FA4EC8BB1A316FA900C66A16 /* heart2-29@2x.png in Resources */,
				FA4EC8B41A316FA900C66A16 /* heart2-22@2x.png in Resources */,
				FA4EC8B61A316FA900C66A16 /* heart2-24@2x.png in Resources */,
				FA4EC8A71A316FA900C66A16 /* heart2-10@2x.png in Resources */,
				FA4EC8D41A316FA900C66A16 /* heart2-51@2x.png in Resources */,
				FA4EC8A61A316FA900C66A16 /* heart2-0@2x.png in Resources */,
				FA4EC8BF1A316FA900C66A16 /* heart2-32@2x.png in Resources */,
				FA4EC8D81A316FA900C66A16 /* heart2-6@2x.png in Resources */,
				FA4EC8C71A316FA900C66A16 /* heart2-3@2x.png in Resources */,
				FA4EC8D61A316FA900C66A16 /* heart2-53@2x.png in Resources */,
				FA4EC8CA1A316FA900C66A16 /* heart2-42@2x.png in Resources */,
				FA4EC8C51A316FA900C66A16 /* heart2-38@2x.png in Resources */,
				FA4EC8DA1A316FA900C66A16 /* heart2-8@2x.png in Resources */,
				FA4EC8D21A316FA900C66A16 /* heart2-4@2x.png in Resources */,
				FA4EC8D71A316FA900C66A16 /* heart2-5@2x.png in Resources */,
				FA4EC8C41A316FA900C66A16 /* heart2-37@2x.png in Resources */,
				FA4EC8B51A316FA900C66A16 /* heart2-23@2x.png in Resources */,
				FA4EC8A81A316FA900C66A16 /* heart2-11@2x.png in Resources */,
				FA4EC8AB1A316FA900C66A16 /* heart2-14@2x.png in Resources */,
				FA4EC8D51A316FA900C66A16 /* heart2-52@2x.png in Resources */,
				FA4EC8CB1A316FA900C66A16 /* heart2-43@2x.png in Resources */,
				FA4EC8C01A316FA900C66A16 /* heart2-33@2x.png in Resources */,
				FA4EC8BC1A316FA900C66A16 /* heart2-2@2x.png in Resources */,
				FA4EC8B71A316FA900C66A16 /* heart2-25@2x.png in Resources */,
				FA4EC8AE1A316FA900C66A16 /* heart2-17@2x.png in Resources */,
				FA4EC8CF1A316FA900C66A16 /* heart2-47@2x.png in Resources */,
				FA4EC8AD1A316FA900C66A16 /* heart2-16@2x.png in Resources */,
				FA6319CE1A1BD62C00E0E18C /* Images.xcassets in Resources */,
				FA4EC8A91A316FA900C66A16 /* heart2-12@2x.png in Resources */,
				FA4EC8BD1A316FA900C66A16 /* heart2-30@2x.png in Resources */,
			);
			runOnlyForDeploymentPostprocessing = 0;
		};
/* End PBXResourcesBuildPhase section */

/* Begin PBXSourcesBuildPhase section */
		FA6319821A1BD61F00E0E18C /* Sources */ = {
			isa = PBXSourcesBuildPhase;
			buildActionMask = 2147483647;
			files = (
				FA6319911A1BD61F00E0E18C /* ViewController.swift in Sources */,
				FA4BA4471A1DCC3A00555223 /* MediaClient.swift in Sources */,
				FA4BA44B1A1DCE5500555223 /* Promise.swift in Sources */,
				FA63198F1A1BD61F00E0E18C /* Foo.xcdatamodeld in Sources */,
				FA63198C1A1BD61F00E0E18C /* AppDelegate.swift in Sources */,
				FA4BA4431A1DC68B00555223 /* SwiftyJSON.swift in Sources */,
				FA4BA4401A1DBF9A00555223 /* GithubClient.swift in Sources */,
			);
			runOnlyForDeploymentPostprocessing = 0;
		};
		FA63199A1A1BD61F00E0E18C /* Sources */ = {
			isa = PBXSourcesBuildPhase;
			buildActionMask = 2147483647;
			files = (
				FA6319A51A1BD62000E0E18C /* FooTests.swift in Sources */,
				FA4BA4481A1DCC3A00555223 /* MediaClient.swift in Sources */,
				FA4BA4451A1DCA2900555223 /* SwiftyJSON.swift in Sources */,
				FA4BA44C1A1DCE5500555223 /* Promise.swift in Sources */,
			);
			runOnlyForDeploymentPostprocessing = 0;
		};
		FA6319AE1A1BD62C00E0E18C /* Sources */ = {
			isa = PBXSourcesBuildPhase;
			buildActionMask = 2147483647;
			files = (
				FA6319BD1A1BD62C00E0E18C /* NotificationController.swift in Sources */,
				FA4BA4491A1DCC3A00555223 /* MediaClient.swift in Sources */,
				FA4BA44D1A1DCE5500555223 /* Promise.swift in Sources */,
				FA6319BB1A1BD62C00E0E18C /* InterfaceController.swift in Sources */,
				FA6319BF1A1BD62C00E0E18C /* GlanceController.swift in Sources */,
				FA4BA4441A1DCA2800555223 /* SwiftyJSON.swift in Sources */,
				FA4BA4411A1DBF9C00555223 /* GithubClient.swift in Sources */,
			);
			runOnlyForDeploymentPostprocessing = 0;
		};
/* End PBXSourcesBuildPhase section */

/* Begin PBXTargetDependency section */
		FA6319A01A1BD61F00E0E18C /* PBXTargetDependency */ = {
			isa = PBXTargetDependency;
			target = FA6319851A1BD61F00E0E18C /* Foo */;
			targetProxy = FA63199F1A1BD61F00E0E18C /* PBXContainerItemProxy */;
		};
		FA6319C71A1BD62C00E0E18C /* PBXTargetDependency */ = {
			isa = PBXTargetDependency;
			target = FA6319C31A1BD62C00E0E18C /* Foo Watch App */;
			targetProxy = FA6319C61A1BD62C00E0E18C /* PBXContainerItemProxy */;
		};
		FA6319D01A1BD62C00E0E18C /* PBXTargetDependency */ = {
			isa = PBXTargetDependency;
			target = FA6319B11A1BD62C00E0E18C /* Foo WatchKit Extension */;
			targetProxy = FA6319CF1A1BD62C00E0E18C /* PBXContainerItemProxy */;
		};
/* End PBXTargetDependency section */

/* Begin PBXVariantGroup section */
		FA6319921A1BD61F00E0E18C /* Main.storyboard */ = {
			isa = PBXVariantGroup;
			children = (
				FA6319931A1BD61F00E0E18C /* Base */,
			);
			name = Main.storyboard;
			sourceTree = "<group>";
		};
		FA6319971A1BD61F00E0E18C /* LaunchScreen.xib */ = {
			isa = PBXVariantGroup;
			children = (
				FA6319981A1BD61F00E0E18C /* Base */,
			);
			name = LaunchScreen.xib;
			sourceTree = "<group>";
		};
/* End PBXVariantGroup section */

/* Begin XCBuildConfiguration section */
		FA6319A61A1BD62000E0E18C /* Debug */ = {
			isa = XCBuildConfiguration;
			buildSettings = {
				ALWAYS_SEARCH_USER_PATHS = NO;
				CLANG_CXX_LANGUAGE_STANDARD = "gnu++0x";
				CLANG_CXX_LIBRARY = "libc++";
				CLANG_ENABLE_MODULES = YES;
				CLANG_ENABLE_OBJC_ARC = YES;
				CLANG_WARN_BOOL_CONVERSION = YES;
				CLANG_WARN_CONSTANT_CONVERSION = YES;
				CLANG_WARN_DIRECT_OBJC_ISA_USAGE = YES_ERROR;
				CLANG_WARN_EMPTY_BODY = YES;
				CLANG_WARN_ENUM_CONVERSION = YES;
				CLANG_WARN_INT_CONVERSION = YES;
				CLANG_WARN_OBJC_ROOT_CLASS = YES_ERROR;
				CLANG_WARN_UNREACHABLE_CODE = YES;
				CLANG_WARN__DUPLICATE_METHOD_MATCH = YES;
				"CODE_SIGN_IDENTITY[sdk=iphoneos*]" = "iPhone Developer";
				COPY_PHASE_STRIP = NO;
				ENABLE_STRICT_OBJC_MSGSEND = YES;
				GCC_C_LANGUAGE_STANDARD = gnu99;
				GCC_DYNAMIC_NO_PIC = NO;
				GCC_OPTIMIZATION_LEVEL = 0;
				GCC_PREPROCESSOR_DEFINITIONS = (
					"DEBUG=1",
					"$(inherited)",
				);
				GCC_SYMBOLS_PRIVATE_EXTERN = NO;
				GCC_WARN_64_TO_32_BIT_CONVERSION = YES;
				GCC_WARN_ABOUT_RETURN_TYPE = YES_ERROR;
				GCC_WARN_UNDECLARED_SELECTOR = YES;
				GCC_WARN_UNINITIALIZED_AUTOS = YES_AGGRESSIVE;
				GCC_WARN_UNUSED_FUNCTION = YES;
				GCC_WARN_UNUSED_VARIABLE = YES;
				IPHONEOS_DEPLOYMENT_TARGET = 8.2;
				MTL_ENABLE_DEBUG_INFO = YES;
				ONLY_ACTIVE_ARCH = YES;
				SDKROOT = iphoneos;
				SWIFT_OPTIMIZATION_LEVEL = "-Onone";
				TARGETED_DEVICE_FAMILY = "1,2";
			};
			name = Debug;
		};
		FA6319A71A1BD62000E0E18C /* Release */ = {
			isa = XCBuildConfiguration;
			buildSettings = {
				ALWAYS_SEARCH_USER_PATHS = NO;
				CLANG_CXX_LANGUAGE_STANDARD = "gnu++0x";
				CLANG_CXX_LIBRARY = "libc++";
				CLANG_ENABLE_MODULES = YES;
				CLANG_ENABLE_OBJC_ARC = YES;
				CLANG_WARN_BOOL_CONVERSION = YES;
				CLANG_WARN_CONSTANT_CONVERSION = YES;
				CLANG_WARN_DIRECT_OBJC_ISA_USAGE = YES_ERROR;
				CLANG_WARN_EMPTY_BODY = YES;
				CLANG_WARN_ENUM_CONVERSION = YES;
				CLANG_WARN_INT_CONVERSION = YES;
				CLANG_WARN_OBJC_ROOT_CLASS = YES_ERROR;
				CLANG_WARN_UNREACHABLE_CODE = YES;
				CLANG_WARN__DUPLICATE_METHOD_MATCH = YES;
				"CODE_SIGN_IDENTITY[sdk=iphoneos*]" = "iPhone Developer";
				COPY_PHASE_STRIP = YES;
				ENABLE_NS_ASSERTIONS = NO;
				ENABLE_STRICT_OBJC_MSGSEND = YES;
				GCC_C_LANGUAGE_STANDARD = gnu99;
				GCC_WARN_64_TO_32_BIT_CONVERSION = YES;
				GCC_WARN_ABOUT_RETURN_TYPE = YES_ERROR;
				GCC_WARN_UNDECLARED_SELECTOR = YES;
				GCC_WARN_UNINITIALIZED_AUTOS = YES_AGGRESSIVE;
				GCC_WARN_UNUSED_FUNCTION = YES;
				GCC_WARN_UNUSED_VARIABLE = YES;
				IPHONEOS_DEPLOYMENT_TARGET = 8.2;
				MTL_ENABLE_DEBUG_INFO = NO;
				SDKROOT = iphoneos;
				TARGETED_DEVICE_FAMILY = "1,2";
				VALIDATE_PRODUCT = YES;
			};
			name = Release;
		};
		FA6319A91A1BD62000E0E18C /* Debug */ = {
			isa = XCBuildConfiguration;
			buildSettings = {
				ASSETCATALOG_COMPILER_APPICON_NAME = AppIcon;
				EMBEDDED_CONTENT_CONTAINS_SWIFT = YES;
				INFOPLIST_FILE = Foo/Info.plist;
				LD_RUNPATH_SEARCH_PATHS = "$(inherited) @executable_path/Frameworks";
				PRODUCT_NAME = Foo;
			};
			name = Debug;
		};
		FA6319AA1A1BD62000E0E18C /* Release */ = {
			isa = XCBuildConfiguration;
			buildSettings = {
				ASSETCATALOG_COMPILER_APPICON_NAME = AppIcon;
				EMBEDDED_CONTENT_CONTAINS_SWIFT = YES;
				INFOPLIST_FILE = Foo/Info.plist;
				LD_RUNPATH_SEARCH_PATHS = "$(inherited) @executable_path/Frameworks";
				PRODUCT_NAME = Foo;
			};
			name = Release;
		};
		FA6319AC1A1BD62000E0E18C /* Debug */ = {
			isa = XCBuildConfiguration;
			buildSettings = {
				BUNDLE_LOADER = "$(TEST_HOST)";
				FRAMEWORK_SEARCH_PATHS = (
					"$(SDKROOT)/Developer/Library/Frameworks",
					"$(inherited)",
				);
				GCC_PREPROCESSOR_DEFINITIONS = (
					"DEBUG=1",
					"$(inherited)",
				);
				INFOPLIST_FILE = FooTests/Info.plist;
				LD_RUNPATH_SEARCH_PATHS = "$(inherited) @executable_path/Frameworks @loader_path/Frameworks";
				PRODUCT_NAME = FooTests;
				TEST_HOST = "$(BUILT_PRODUCTS_DIR)/Foo.app/Foo";
			};
			name = Debug;
		};
		FA6319AD1A1BD62000E0E18C /* Release */ = {
			isa = XCBuildConfiguration;
			buildSettings = {
				BUNDLE_LOADER = "$(TEST_HOST)";
				FRAMEWORK_SEARCH_PATHS = (
					"$(SDKROOT)/Developer/Library/Frameworks",
					"$(inherited)",
				);
				INFOPLIST_FILE = FooTests/Info.plist;
				LD_RUNPATH_SEARCH_PATHS = "$(inherited) @executable_path/Frameworks @loader_path/Frameworks";
				PRODUCT_NAME = FooTests;
				TEST_HOST = "$(BUILT_PRODUCTS_DIR)/Foo.app/Foo";
			};
			name = Release;
		};
		FA6319D31A1BD62C00E0E18C /* Debug */ = {
			isa = XCBuildConfiguration;
			buildSettings = {
				ASSETCATALOG_COMPILER_APPICON_NAME = AppIcon;
				ASSETCATALOG_COMPILER_LAUNCHIMAGE_NAME = LaunchImage;
				GCC_PREPROCESSOR_DEFINITIONS = (
					"DEBUG=1",
					"$(inherited)",
				);
				IBSC_MODULE = Foo_WatchKit_Extension;
				INFOPLIST_FILE = "Foo Watch App/Info.plist";
				PRODUCT_NAME = "Foo Watch App";
				SKIP_INSTALL = YES;
				TARGETED_DEVICE_FAMILY = 4;
				"TARGETED_DEVICE_FAMILY[sdk=iphonesimulator*]" = "1,4";
			};
			name = Debug;
		};
		FA6319D41A1BD62C00E0E18C /* Release */ = {
			isa = XCBuildConfiguration;
			buildSettings = {
				ASSETCATALOG_COMPILER_APPICON_NAME = AppIcon;
				ASSETCATALOG_COMPILER_LAUNCHIMAGE_NAME = LaunchImage;
				IBSC_MODULE = Foo_WatchKit_Extension;
				INFOPLIST_FILE = "Foo Watch App/Info.plist";
				PRODUCT_NAME = "Foo Watch App";
				SKIP_INSTALL = YES;
				TARGETED_DEVICE_FAMILY = 4;
				"TARGETED_DEVICE_FAMILY[sdk=iphonesimulator*]" = "1,4";
			};
			name = Release;
		};
		FA6319D61A1BD62C00E0E18C /* Debug */ = {
			isa = XCBuildConfiguration;
			buildSettings = {
				GCC_PREPROCESSOR_DEFINITIONS = (
					"DEBUG=1",
					"$(inherited)",
				);
				INFOPLIST_FILE = "Foo WatchKit Extension/Info.plist";
				LD_RUNPATH_SEARCH_PATHS = "$(inherited) @executable_path/Frameworks @executable_path/../../Frameworks";
				PRODUCT_NAME = "Foo WatchKit Extension";
				SKIP_INSTALL = YES;
			};
			name = Debug;
		};
		FA6319D71A1BD62C00E0E18C /* Release */ = {
			isa = XCBuildConfiguration;
			buildSettings = {
				INFOPLIST_FILE = "Foo WatchKit Extension/Info.plist";
				LD_RUNPATH_SEARCH_PATHS = "$(inherited) @executable_path/Frameworks @executable_path/../../Frameworks";
				PRODUCT_NAME = "Foo WatchKit Extension";
				SKIP_INSTALL = YES;
			};
			name = Release;
		};
/* End XCBuildConfiguration section */

/* Begin XCConfigurationList section */
		FA6319811A1BD61F00E0E18C /* Build configuration list for PBXProject "Foo" */ = {
			isa = XCConfigurationList;
			buildConfigurations = (
				FA6319A61A1BD62000E0E18C /* Debug */,
				FA6319A71A1BD62000E0E18C /* Release */,
			);
			defaultConfigurationIsVisible = 0;
			defaultConfigurationName = Release;
		};
		FA6319A81A1BD62000E0E18C /* Build configuration list for PBXNativeTarget "Foo" */ = {
			isa = XCConfigurationList;
			buildConfigurations = (
				FA6319A91A1BD62000E0E18C /* Debug */,
				FA6319AA1A1BD62000E0E18C /* Release */,
			);
			defaultConfigurationIsVisible = 0;
			defaultConfigurationName = Release;
		};
		FA6319AB1A1BD62000E0E18C /* Build configuration list for PBXNativeTarget "FooTests" */ = {
			isa = XCConfigurationList;
			buildConfigurations = (
				FA6319AC1A1BD62000E0E18C /* Debug */,
				FA6319AD1A1BD62000E0E18C /* Release */,
			);
			defaultConfigurationIsVisible = 0;
			defaultConfigurationName = Release;
		};
		FA6319D21A1BD62C00E0E18C /* Build configuration list for PBXNativeTarget "Foo Watch App" */ = {
			isa = XCConfigurationList;
			buildConfigurations = (
				FA6319D31A1BD62C00E0E18C /* Debug */,
				FA6319D41A1BD62C00E0E18C /* Release */,
			);
			defaultConfigurationIsVisible = 0;
			defaultConfigurationName = Release;
		};
		FA6319D51A1BD62C00E0E18C /* Build configuration list for PBXNativeTarget "Foo WatchKit Extension" */ = {
			isa = XCConfigurationList;
			buildConfigurations = (
				FA6319D61A1BD62C00E0E18C /* Debug */,
				FA6319D71A1BD62C00E0E18C /* Release */,
			);
			defaultConfigurationIsVisible = 0;
			defaultConfigurationName = Release;
		};
/* End XCConfigurationList section */

/* Begin XCVersionGroup section */
		FA63198D1A1BD61F00E0E18C /* Foo.xcdatamodeld */ = {
			isa = XCVersionGroup;
			children = (
				FA63198E1A1BD61F00E0E18C /* Foo.xcdatamodel */,
			);
			currentVersion = FA63198E1A1BD61F00E0E18C /* Foo.xcdatamodel */;
			path = Foo.xcdatamodeld;
			sourceTree = "<group>";
			versionGroupType = wrapper.xcdatamodel;
		};
/* End XCVersionGroup section */
	};
	rootObject = FA63197E1A1BD61F00E0E18C /* Project object */;
}
